
Microsoft Visual Studio Solution File, Format Version 12.00
# Visual Studio Version 16
VisualStudioVersion = 16.0.31410.357
MinimumVisualStudioVersion = 10.0.40219.1
Project("{FAE04EC0-301F-11D3-BF4B-00C04F79EFBC}") = "CRUDCORE", "CRUDCORE\CRUDCORE.csproj", "{111E6C5C-D27F-429D-A9A0-9F9770FECF19}"
EndProject
Global
	GlobalSection(SolutionConfigurationPlatforms) = preSolution
		Debug|Any CPU = Debug|Any CPU
		Release|Any CPU = Release|Any CPU
	EndGlobalSection
	GlobalSection(ProjectConfigurationPlatforms) = postSolution
		{111E6C5C-D27F-429D-A9A0-9F9770FECF19}.Debug|Any CPU.ActiveCfg = Debug|Any CPU
		{111E6C5C-D27F-429D-A9A0-9F9770FECF19}.Debug|Any CPU.Build.0 = Debug|Any CPU
		{111E6C5C-D27F-429D-A9A0-9F9770FECF19}.Release|Any CPU.ActiveCfg = Release|Any CPU
		{111E6C5C-D27F-429D-A9A0-9F9770FECF19}.Release|Any CPU.Build.0 = Release|Any CPU
	EndGlobalSection
	GlobalSection(SolutionProperties) = preSolution
		HideSolutionNode = FALSE
	EndGlobalSection
	GlobalSection(ExtensibilityGlobals) = postSolution
		SolutionGuid = {10A941CA-A1AD-4643-A4F3-D8132E1A640D}
	EndGlobalSection
EndGlobal
